
Microsoft Visual Studio Solution File, Format Version 12.00
# Visual Studio Express 2012 for Windows Desktop
Project("{FAE04EC0-301F-11D3-BF4B-00C04F79EFBC}") = "06_GettingFrameData", "06_GettingFrameData\06_GettingFrameData.csproj", "{0B17EFD7-8A3E-4F1B-A1C0-B094B8D65E78}"
EndProject
Global
	GlobalSection(SolutionConfigurationPlatforms) = preSolution
		Debug|Any CPU = Debug|Any CPU
		Release|Any CPU = Release|Any CPU
	EndGlobalSection
	GlobalSection(ProjectConfigurationPlatforms) = postSolution
		{0B17EFD7-8A3E-4F1B-A1C0-B094B8D65E78}.Debug|Any CPU.ActiveCfg = Debug|Any CPU
		{0B17EFD7-8A3E-4F1B-A1C0-B094B8D65E78}.Debug|Any CPU.Build.0 = Debug|Any CPU
		{0B17EFD7-8A3E-4F1B-A1C0-B094B8D65E78}.Release|Any CPU.ActiveCfg = Release|Any CPU
		{0B17EFD7-8A3E-4F1B-A1C0-B094B8D65E78}.Release|Any CPU.Build.0 = Release|Any CPU
	EndGlobalSection
	GlobalSection(SolutionProperties) = preSolution
		HideSolutionNode = FALSE
	EndGlobalSection
EndGlobal
